
Microsoft Visual Studio Solution File, Format Version 12.00
# Visual Studio Version 16
VisualStudioVersion = 16.0.31911.196
MinimumVisualStudioVersion = 10.0.40219.1
Project("{9A19103F-16F7-4668-BE54-9A1E7A4F7556}") = "SeriesOrganizer", "SeriesOrganizer.csproj", "{284DDB7B-C646-45DF-9354-77BA22F9EC31}"
EndProject
Global
	GlobalSection(SolutionConfigurationPlatforms) = preSolution
		Debug|Any CPU = Debug|Any CPU
		Release|Any CPU = Release|Any CPU
	EndGlobalSection
	GlobalSection(ProjectConfigurationPlatforms) = postSolution
		{284DDB7B-C646-45DF-9354-77BA22F9EC31}.Debug|Any CPU.ActiveCfg = Debug|Any CPU
		{284DDB7B-C646-45DF-9354-77BA22F9EC31}.Debug|Any CPU.Build.0 = Debug|Any CPU
		{284DDB7B-C646-45DF-9354-77BA22F9EC31}.Release|Any CPU.ActiveCfg = Release|Any CPU
		{284DDB7B-C646-45DF-9354-77BA22F9EC31}.Release|Any CPU.Build.0 = Release|Any CPU
	EndGlobalSection
	GlobalSection(SolutionProperties) = preSolution
		HideSolutionNode = FALSE
	EndGlobalSection
	GlobalSection(ExtensibilityGlobals) = postSolution
		SolutionGuid = {A8B54E0E-CB4D-4429-B217-6AC32817152F}
	EndGlobalSection
EndGlobal
